// !$*UTF8*$!
{
	archiveVersion = 1;
	classes = {
	};
	objectVersion = 55;
	objects = {

/* Begin PBXBuildFile section */
		BF529FD427C690F300A9116A /* AppDelegate.swift in Sources */ = {isa = PBXBuildFile; fileRef = BF529FD327C690F300A9116A /* AppDelegate.swift */; };
		BF529FD627C690F300A9116A /* SceneDelegate.swift in Sources */ = {isa = PBXBuildFile; fileRef = BF529FD527C690F300A9116A /* SceneDelegate.swift */; };
		BF529FD827C690F300A9116A /* ViewController.swift in Sources */ = {isa = PBXBuildFile; fileRef = BF529FD727C690F300A9116A /* ViewController.swift */; };
		BF529FDB27C690F300A9116A /* Main.storyboard in Resources */ = {isa = PBXBuildFile; fileRef = BF529FD927C690F300A9116A /* Main.storyboard */; };
		BF529FDD27C690F700A9116A /* Assets.xcassets in Resources */ = {isa = PBXBuildFile; fileRef = BF529FDC27C690F700A9116A /* Assets.xcassets */; };
		BF529FE027C690F700A9116A /* LaunchScreen.storyboard in Resources */ = {isa = PBXBuildFile; fileRef = BF529FDE27C690F700A9116A /* LaunchScreen.storyboard */; };
		BF529FEA27C6912100A9116A /* UIView_enableTapGestureRecognizer.swift in Sources */ = {isa = PBXBuildFile; fileRef = BF529FE927C6912100A9116A /* UIView_enableTapGestureRecognizer.swift */; };
		BF529FED27C6916700A9116A /* UICoordinatePanel.swift in Sources */ = {isa = PBXBuildFile; fileRef = BF529FEC27C6916700A9116A /* UICoordinatePanel.swift */; };
		BF529FEF27C6A80B00A9116A /* UIView_addSubviews.swift in Sources */ = {isa = PBXBuildFile; fileRef = BF529FEE27C6A80B00A9116A /* UIView_addSubviews.swift */; };
		BF529FF327CE6E9600A9116A /* UIAddressPanel.swift in Sources */ = {isa = PBXBuildFile; fileRef = BF529FF227CE6E9600A9116A /* UIAddressPanel.swift */; };
		BF529FF627CE859000A9116A /* CLLocationManager_getAddress.swift in Sources */ = {isa = PBXBuildFile; fileRef = BF529FF427CE859000A9116A /* CLLocationManager_getAddress.swift */; };
		BF529FF727CE859000A9116A /* UIImageView_fetchImageFromURL.swift in Sources */ = {isa = PBXBuildFile; fileRef = BF529FF527CE859000A9116A /* UIImageView_fetchImageFromURL.swift */; };
		BF52A08E27D7A13800A9116A /* UIWeatherPanel.swift in Sources */ = {isa = PBXBuildFile; fileRef = BF52A08D27D7A13800A9116A /* UIWeatherPanel.swift */; };
		BF52A11B27DBC84900A9116A /* API.swift in Sources */ = {isa = PBXBuildFile; fileRef = BF52A11A27DBC84900A9116A /* API.swift */; };
		BF52A11E27DBD2FE00A9116A /* WeatherAPI.swift in Sources */ = {isa = PBXBuildFile; fileRef = BF52A11D27DBD2FE00A9116A /* WeatherAPI.swift */; };
/* End PBXBuildFile section */

/* Begin PBXFileReference section */
		BF529FD027C690F300A9116A /* MapKitExample.app */ = {isa = PBXFileReference; explicitFileType = wrapper.application; includeInIndex = 0; path = MapKitExample.app; sourceTree = BUILT_PRODUCTS_DIR; };
		BF529FD327C690F300A9116A /* AppDelegate.swift */ = {isa = PBXFileReference; lastKnownFileType = sourcecode.swift; path = AppDelegate.swift; sourceTree = "<group>"; };
		BF529FD527C690F300A9116A /* SceneDelegate.swift */ = {isa = PBXFileReference; lastKnownFileType = sourcecode.swift; path = SceneDelegate.swift; sourceTree = "<group>"; };
		BF529FD727C690F300A9116A /* ViewController.swift */ = {isa = PBXFileReference; lastKnownFileType = sourcecode.swift; path = ViewController.swift; sourceTree = "<group>"; };
		BF529FDA27C690F300A9116A /* Base */ = {isa = PBXFileReference; lastKnownFileType = file.storyboard; name = Base; path = Base.lproj/Main.storyboard; sourceTree = "<group>"; };
		BF529FDC27C690F700A9116A /* Assets.xcassets */ = {isa = PBXFileReference; lastKnownFileType = folder.assetcatalog; path = Assets.xcassets; sourceTree = "<group>"; };
		BF529FDF27C690F700A9116A /* Base */ = {isa = PBXFileReference; lastKnownFileType = file.storyboard; name = Base; path = Base.lproj/LaunchScreen.storyboard; sourceTree = "<group>"; };
		BF529FE127C690F700A9116A /* Info.plist */ = {isa = PBXFileReference; lastKnownFileType = text.plist.xml; path = Info.plist; sourceTree = "<group>"; };
		BF529FE927C6912100A9116A /* UIView_enableTapGestureRecognizer.swift */ = {isa = PBXFileReference; lastKnownFileType = sourcecode.swift; path = UIView_enableTapGestureRecognizer.swift; sourceTree = "<group>"; };
		BF529FEC27C6916700A9116A /* UICoordinatePanel.swift */ = {isa = PBXFileReference; lastKnownFileType = sourcecode.swift; path = UICoordinatePanel.swift; sourceTree = "<group>"; };
		BF529FEE27C6A80B00A9116A /* UIView_addSubviews.swift */ = {isa = PBXFileReference; lastKnownFileType = sourcecode.swift; path = UIView_addSubviews.swift; sourceTree = "<group>"; };
		BF529FF227CE6E9600A9116A /* UIAddressPanel.swift */ = {isa = PBXFileReference; lastKnownFileType = sourcecode.swift; path = UIAddressPanel.swift; sourceTree = "<group>"; };
		BF529FF427CE859000A9116A /* CLLocationManager_getAddress.swift */ = {isa = PBXFileReference; fileEncoding = 4; lastKnownFileType = sourcecode.swift; path = CLLocationManager_getAddress.swift; sourceTree = "<group>"; };
		BF529FF527CE859000A9116A /* UIImageView_fetchImageFromURL.swift */ = {isa = PBXFileReference; fileEncoding = 4; lastKnownFileType = sourcecode.swift; path = UIImageView_fetchImageFromURL.swift; sourceTree = "<group>"; };
		BF52A08D27D7A13800A9116A /* UIWeatherPanel.swift */ = {isa = PBXFileReference; lastKnownFileType = sourcecode.swift; path = UIWeatherPanel.swift; sourceTree = "<group>"; };
		BF52A11A27DBC84900A9116A /* API.swift */ = {isa = PBXFileReference; fileEncoding = 4; lastKnownFileType = sourcecode.swift; path = API.swift; sourceTree = "<group>"; };
		BF52A11D27DBD2FE00A9116A /* WeatherAPI.swift */ = {isa = PBXFileReference; lastKnownFileType = sourcecode.swift; path = WeatherAPI.swift; sourceTree = "<group>"; };
/* End PBXFileReference section */

/* Begin PBXFrameworksBuildPhase section */
		BF529FCD27C690F300A9116A /* Frameworks */ = {
			isa = PBXFrameworksBuildPhase;
			buildActionMask = 2147483647;
			files = (
			);
			runOnlyForDeploymentPostprocessing = 0;
		};
/* End PBXFrameworksBuildPhase section */

/* Begin PBXGroup section */
		BF529FC727C690F300A9116A = {
			isa = PBXGroup;
			children = (
				BF529FD227C690F300A9116A /* MapKitExample */,
				BF529FD127C690F300A9116A /* Products */,
			);
			sourceTree = "<group>";
		};
		BF529FD127C690F300A9116A /* Products */ = {
			isa = PBXGroup;
			children = (
				BF529FD027C690F300A9116A /* MapKitExample.app */,
			);
			name = Products;
			sourceTree = "<group>";
		};
		BF529FD227C690F300A9116A /* MapKitExample */ = {
			isa = PBXGroup;
			children = (
				BF52A11827DBC77400A9116A /* Service */,
				BF529FEB27C6913C00A9116A /* Customized views */,
				BF529FE727C6910300A9116A /* Source */,
				BF529FD327C690F300A9116A /* AppDelegate.swift */,
				BF529FD527C690F300A9116A /* SceneDelegate.swift */,
				BF529FD727C690F300A9116A /* ViewController.swift */,
				BF529FD927C690F300A9116A /* Main.storyboard */,
				BF529FDC27C690F700A9116A /* Assets.xcassets */,
				BF529FDE27C690F700A9116A /* LaunchScreen.storyboard */,
				BF529FE127C690F700A9116A /* Info.plist */,
			);
			path = MapKitExample;
			sourceTree = "<group>";
		};
		BF529FE727C6910300A9116A /* Source */ = {
			isa = PBXGroup;
			children = (
				BF529FE827C6910B00A9116A /* Extension */,
			);
			path = Source;
			sourceTree = "<group>";
		};
		BF529FE827C6910B00A9116A /* Extension */ = {
			isa = PBXGroup;
			children = (
				BF529FF427CE859000A9116A /* CLLocationManager_getAddress.swift */,
				BF529FF527CE859000A9116A /* UIImageView_fetchImageFromURL.swift */,
				BF529FE927C6912100A9116A /* UIView_enableTapGestureRecognizer.swift */,
				BF529FEE27C6A80B00A9116A /* UIView_addSubviews.swift */,
			);
			path = Extension;
			sourceTree = "<group>";
		};
		BF529FEB27C6913C00A9116A /* Customized views */ = {
			isa = PBXGroup;
			children = (
				BF529FEC27C6916700A9116A /* UICoordinatePanel.swift */,
				BF529FF227CE6E9600A9116A /* UIAddressPanel.swift */,
				BF52A08D27D7A13800A9116A /* UIWeatherPanel.swift */,
			);
			path = "Customized views";
			sourceTree = "<group>";
		};
		BF52A11827DBC77400A9116A /* Service */ = {
			isa = PBXGroup;
			children = (
				BF52A11C27DBD29600A9116A /* WeatherAPI */,
				BF52A11927DBC78B00A9116A /* API */,
			);
			path = Service;
			sourceTree = "<group>";
		};
		BF52A11927DBC78B00A9116A /* API */ = {
			isa = PBXGroup;
			children = (
				BF52A11A27DBC84900A9116A /* API.swift */,
			);
			path = API;
			sourceTree = "<group>";
		};
		BF52A11C27DBD29600A9116A /* WeatherAPI */ = {
			isa = PBXGroup;
			children = (
				BF52A11D27DBD2FE00A9116A /* WeatherAPI.swift */,
			);
			path = WeatherAPI;
			sourceTree = "<group>";
		};
/* End PBXGroup section */

/* Begin PBXNativeTarget section */
		BF529FCF27C690F300A9116A /* MapKitExample */ = {
			isa = PBXNativeTarget;
			buildConfigurationList = BF529FE427C690F700A9116A /* Build configuration list for PBXNativeTarget "MapKitExample" */;
			buildPhases = (
				BF529FCC27C690F300A9116A /* Sources */,
				BF529FCD27C690F300A9116A /* Frameworks */,
				BF529FCE27C690F300A9116A /* Resources */,
			);
			buildRules = (
			);
			dependencies = (
			);
			name = MapKitExample;
			productName = MapKitExample;
			productReference = BF529FD027C690F300A9116A /* MapKitExample.app */;
			productType = "com.apple.product-type.application";
		};
/* End PBXNativeTarget section */

/* Begin PBXProject section */
		BF529FC827C690F300A9116A /* Project object */ = {
			isa = PBXProject;
			attributes = {
				BuildIndependentTargetsInParallel = 1;
				LastSwiftUpdateCheck = 1320;
				LastUpgradeCheck = 1320;
				TargetAttributes = {
					BF529FCF27C690F300A9116A = {
						CreatedOnToolsVersion = 13.2.1;
					};
				};
			};
			buildConfigurationList = BF529FCB27C690F300A9116A /* Build configuration list for PBXProject "MapKitExample" */;
			compatibilityVersion = "Xcode 13.0";
			developmentRegion = en;
			hasScannedForEncodings = 0;
			knownRegions = (
				en,
				Base,
			);
			mainGroup = BF529FC727C690F300A9116A;
			productRefGroup = BF529FD127C690F300A9116A /* Products */;
			projectDirPath = "";
			projectRoot = "";
			targets = (
				BF529FCF27C690F300A9116A /* MapKitExample */,
			);
		};
/* End PBXProject section */

/* Begin PBXResourcesBuildPhase section */
		BF529FCE27C690F300A9116A /* Resources */ = {
			isa = PBXResourcesBuildPhase;
			buildActionMask = 2147483647;
			files = (
				BF529FE027C690F700A9116A /* LaunchScreen.storyboard in Resources */,
				BF529FDD27C690F700A9116A /* Assets.xcassets in Resources */,
				BF529FDB27C690F300A9116A /* Main.storyboard in Resources */,
			);
			runOnlyForDeploymentPostprocessing = 0;
		};
/* End PBXResourcesBuildPhase section */

/* Begin PBXSourcesBuildPhase section */
		BF529FCC27C690F300A9116A /* Sources */ = {
			isa = PBXSourcesBuildPhase;
			buildActionMask = 2147483647;
			files = (
				BF52A11B27DBC84900A9116A /* API.swift in Sources */,
				BF529FD827C690F300A9116A /* ViewController.swift in Sources */,
				BF529FF627CE859000A9116A /* CLLocationManager_getAddress.swift in Sources */,
				BF529FF727CE859000A9116A /* UIImageView_fetchImageFromURL.swift in Sources */,
				BF52A08E27D7A13800A9116A /* UIWeatherPanel.swift in Sources */,
				BF529FEA27C6912100A9116A /* UIView_enableTapGestureRecognizer.swift in Sources */,
				BF529FD427C690F300A9116A /* AppDelegate.swift in Sources */,
				BF529FED27C6916700A9116A /* UICoordinatePanel.swift in Sources */,
				BF529FEF27C6A80B00A9116A /* UIView_addSubviews.swift in Sources */,
				BF52A11E27DBD2FE00A9116A /* WeatherAPI.swift in Sources */,
				BF529FF327CE6E9600A9116A /* UIAddressPanel.swift in Sources */,
				BF529FD627C690F300A9116A /* SceneDelegate.swift in Sources */,
			);
			runOnlyForDeploymentPostprocessing = 0;
		};
/* End PBXSourcesBuildPhase section */

/* Begin PBXVariantGroup section */
		BF529FD927C690F300A9116A /* Main.storyboard */ = {
			isa = PBXVariantGroup;
			children = (
				BF529FDA27C690F300A9116A /* Base */,
			);
			name = Main.storyboard;
			sourceTree = "<group>";
		};
		BF529FDE27C690F700A9116A /* LaunchScreen.storyboard */ = {
			isa = PBXVariantGroup;
			children = (
				BF529FDF27C690F700A9116A /* Base */,
			);
			name = LaunchScreen.storyboard;
			sourceTree = "<group>";
		};
/* End PBXVariantGroup section */

/* Begin XCBuildConfiguration section */
		BF529FE227C690F700A9116A /* Debug */ = {
			isa = XCBuildConfiguration;
			buildSettings = {
				ALWAYS_SEARCH_USER_PATHS = NO;
				CLANG_ANALYZER_NONNULL = YES;
				CLANG_ANALYZER_NUMBER_OBJECT_CONVERSION = YES_AGGRESSIVE;
				CLANG_CXX_LANGUAGE_STANDARD = "gnu++17";
				CLANG_CXX_LIBRARY = "libc++";
				CLANG_ENABLE_MODULES = YES;
				CLANG_ENABLE_OBJC_ARC = YES;
				CLANG_ENABLE_OBJC_WEAK = YES;
				CLANG_WARN_BLOCK_CAPTURE_AUTORELEASING = YES;
				CLANG_WARN_BOOL_CONVERSION = YES;
				CLANG_WARN_COMMA = YES;
				CLANG_WARN_CONSTANT_CONVERSION = YES;
				CLANG_WARN_DEPRECATED_OBJC_IMPLEMENTATIONS = YES;
				CLANG_WARN_DIRECT_OBJC_ISA_USAGE = YES_ERROR;
				CLANG_WARN_DOCUMENTATION_COMMENTS = YES;
				CLANG_WARN_EMPTY_BODY = YES;
				CLANG_WARN_ENUM_CONVERSION = YES;
				CLANG_WARN_INFINITE_RECURSION = YES;
				CLANG_WARN_INT_CONVERSION = YES;
				CLANG_WARN_NON_LITERAL_NULL_CONVERSION = YES;
				CLANG_WARN_OBJC_IMPLICIT_RETAIN_SELF = YES;
				CLANG_WARN_OBJC_LITERAL_CONVERSION = YES;
				CLANG_WARN_OBJC_ROOT_CLASS = YES_ERROR;
				CLANG_WARN_QUOTED_INCLUDE_IN_FRAMEWORK_HEADER = YES;
				CLANG_WARN_RANGE_LOOP_ANALYSIS = YES;
				CLANG_WARN_STRICT_PROTOTYPES = YES;
				CLANG_WARN_SUSPICIOUS_MOVE = YES;
				CLANG_WARN_UNGUARDED_AVAILABILITY = YES_AGGRESSIVE;
				CLANG_WARN_UNREACHABLE_CODE = YES;
				CLANG_WARN__DUPLICATE_METHOD_MATCH = YES;
				COPY_PHASE_STRIP = NO;
				DEBUG_INFORMATION_FORMAT = dwarf;
				ENABLE_STRICT_OBJC_MSGSEND = YES;
				ENABLE_TESTABILITY = YES;
				GCC_C_LANGUAGE_STANDARD = gnu11;
				GCC_DYNAMIC_NO_PIC = NO;
				GCC_NO_COMMON_BLOCKS = YES;
				GCC_OPTIMIZATION_LEVEL = 0;
				GCC_PREPROCESSOR_DEFINITIONS = (
					"DEBUG=1",
					"$(inherited)",
				);
				GCC_WARN_64_TO_32_BIT_CONVERSION = YES;
				GCC_WARN_ABOUT_RETURN_TYPE = YES_ERROR;
				GCC_WARN_UNDECLARED_SELECTOR = YES;
				GCC_WARN_UNINITIALIZED_AUTOS = YES_AGGRESSIVE;
				GCC_WARN_UNUSED_FUNCTION = YES;
				GCC_WARN_UNUSED_VARIABLE = YES;
				IPHONEOS_DEPLOYMENT_TARGET = 15.2;
				MTL_ENABLE_DEBUG_INFO = INCLUDE_SOURCE;
				MTL_FAST_MATH = YES;
				ONLY_ACTIVE_ARCH = YES;
				SDKROOT = iphoneos;
				SWIFT_ACTIVE_COMPILATION_CONDITIONS = DEBUG;
				SWIFT_OPTIMIZATION_LEVEL = "-Onone";
			};
			name = Debug;
		};
		BF529FE327C690F700A9116A /* Release */ = {
			isa = XCBuildConfiguration;
			buildSettings = {
				ALWAYS_SEARCH_USER_PATHS = NO;
				CLANG_ANALYZER_NONNULL = YES;
				CLANG_ANALYZER_NUMBER_OBJECT_CONVERSION = YES_AGGRESSIVE;
				CLANG_CXX_LANGUAGE_STANDARD = "gnu++17";
				CLANG_CXX_LIBRARY = "libc++";
				CLANG_ENABLE_MODULES = YES;
				CLANG_ENABLE_OBJC_ARC = YES;
				CLANG_ENABLE_OBJC_WEAK = YES;
				CLANG_WARN_BLOCK_CAPTURE_AUTORELEASING = YES;
				CLANG_WARN_BOOL_CONVERSION = YES;
				CLANG_WARN_COMMA = YES;
				CLANG_WARN_CONSTANT_CONVERSION = YES;
				CLANG_WARN_DEPRECATED_OBJC_IMPLEMENTATIONS = YES;
				CLANG_WARN_DIRECT_OBJC_ISA_USAGE = YES_ERROR;
				CLANG_WARN_DOCUMENTATION_COMMENTS = YES;
				CLANG_WARN_EMPTY_BODY = YES;
				CLANG_WARN_ENUM_CONVERSION = YES;
				CLANG_WARN_INFINITE_RECURSION = YES;
				CLANG_WARN_INT_CONVERSION = YES;
				CLANG_WARN_NON_LITERAL_NULL_CONVERSION = YES;
				CLANG_WARN_OBJC_IMPLICIT_RETAIN_SELF = YES;
				CLANG_WARN_OBJC_LITERAL_CONVERSION = YES;
				CLANG_WARN_OBJC_ROOT_CLASS = YES_ERROR;
				CLANG_WARN_QUOTED_INCLUDE_IN_FRAMEWORK_HEADER = YES;
				CLANG_WARN_RANGE_LOOP_ANALYSIS = YES;
				CLANG_WARN_STRICT_PROTOTYPES = YES;
				CLANG_WARN_SUSPICIOUS_MOVE = YES;
				CLANG_WARN_UNGUARDED_AVAILABILITY = YES_AGGRESSIVE;
				CLANG_WARN_UNREACHABLE_CODE = YES;
				CLANG_WARN__DUPLICATE_METHOD_MATCH = YES;
				COPY_PHASE_STRIP = NO;
				DEBUG_INFORMATION_FORMAT = "dwarf-with-dsym";
				ENABLE_NS_ASSERTIONS = NO;
				ENABLE_STRICT_OBJC_MSGSEND = YES;
				GCC_C_LANGUAGE_STANDARD = gnu11;
				GCC_NO_COMMON_BLOCKS = YES;
				GCC_WARN_64_TO_32_BIT_CONVERSION = YES;
				GCC_WARN_ABOUT_RETURN_TYPE = YES_ERROR;
				GCC_WARN_UNDECLARED_SELECTOR = YES;
				GCC_WARN_UNINITIALIZED_AUTOS = YES_AGGRESSIVE;
				GCC_WARN_UNUSED_FUNCTION = YES;
				GCC_WARN_UNUSED_VARIABLE = YES;
				IPHONEOS_DEPLOYMENT_TARGET = 15.2;
				MTL_ENABLE_DEBUG_INFO = NO;
				MTL_FAST_MATH = YES;
				SDKROOT = iphoneos;
				SWIFT_COMPILATION_MODE = wholemodule;
				SWIFT_OPTIMIZATION_LEVEL = "-O";
				VALIDATE_PRODUCT = YES;
			};
			name = Release;
		};
		BF529FE527C690F700A9116A /* Debug */ = {
			isa = XCBuildConfiguration;
			buildSettings = {
				ASSETCATALOG_COMPILER_APPICON_NAME = AppIcon;
				ASSETCATALOG_COMPILER_GLOBAL_ACCENT_COLOR_NAME = AccentColor;
				CODE_SIGN_STYLE = Automatic;
				CURRENT_PROJECT_VERSION = 1;
				DEVELOPMENT_TEAM = 5Y6MJE533C;
				GENERATE_INFOPLIST_FILE = YES;
				INFOPLIST_FILE = MapKitExample/Info.plist;
				INFOPLIST_KEY_NSLocationWhenInUseUsageDescription = "Please, let us use your location.";
				INFOPLIST_KEY_UIApplicationSupportsIndirectInputEvents = YES;
				INFOPLIST_KEY_UILaunchStoryboardName = LaunchScreen;
				INFOPLIST_KEY_UIMainStoryboardFile = Main;
				INFOPLIST_KEY_UISupportedInterfaceOrientations_iPad = "UIInterfaceOrientationPortrait UIInterfaceOrientationPortraitUpsideDown UIInterfaceOrientationLandscapeLeft UIInterfaceOrientationLandscapeRight";
				INFOPLIST_KEY_UISupportedInterfaceOrientations_iPhone = "UIInterfaceOrientationPortrait UIInterfaceOrientationLandscapeLeft UIInterfaceOrientationLandscapeRight";
				LD_RUNPATH_SEARCH_PATHS = (
					"$(inherited)",
					"@executable_path/Frameworks",
				);
				MARKETING_VERSION = 1.0;
				PRODUCT_BUNDLE_IDENTIFIER = carvalho.daniel.MapKitExample;
				PRODUCT_NAME = "$(TARGET_NAME)";
				SWIFT_EMIT_LOC_STRINGS = YES;
				SWIFT_VERSION = 5.0;
				TARGETED_DEVICE_FAMILY = "1,2";
			};
			name = Debug;
		};
		BF529FE627C690F700A9116A /* Release */ = {
			isa = XCBuildConfiguration;
			buildSettings = {
				ASSETCATALOG_COMPILER_APPICON_NAME = AppIcon;
				ASSETCATALOG_COMPILER_GLOBAL_ACCENT_COLOR_NAME = AccentColor;
				CODE_SIGN_STYLE = Automatic;
				CURRENT_PROJECT_VERSION = 1;
				DEVELOPMENT_TEAM = 5Y6MJE533C;
				GENERATE_INFOPLIST_FILE = YES;
				INFOPLIST_FILE = MapKitExample/Info.plist;
				INFOPLIST_KEY_NSLocationWhenInUseUsageDescription = "Please, let us use your location.";
				INFOPLIST_KEY_UIApplicationSupportsIndirectInputEvents = YES;
				INFOPLIST_KEY_UILaunchStoryboardName = LaunchScreen;
				INFOPLIST_KEY_UIMainStoryboardFile = Main;
				INFOPLIST_KEY_UISupportedInterfaceOrientations_iPad = "UIInterfaceOrientationPortrait UIInterfaceOrientationPortraitUpsideDown UIInterfaceOrientationLandscapeLeft UIInterfaceOrientationLandscapeRight";
				INFOPLIST_KEY_UISupportedInterfaceOrientations_iPhone = "UIInterfaceOrientationPortrait UIInterfaceOrientationLandscapeLeft UIInterfaceOrientationLandscapeRight";
				LD_RUNPATH_SEARCH_PATHS = (
					"$(inherited)",
					"@executable_path/Frameworks",
				);
				MARKETING_VERSION = 1.0;
				PRODUCT_BUNDLE_IDENTIFIER = carvalho.daniel.MapKitExample;
				PRODUCT_NAME = "$(TARGET_NAME)";
				SWIFT_EMIT_LOC_STRINGS = YES;
				SWIFT_VERSION = 5.0;
				TARGETED_DEVICE_FAMILY = "1,2";
			};
			name = Release;
		};
/* End XCBuildConfiguration section */

/* Begin XCConfigurationList section */
		BF529FCB27C690F300A9116A /* Build configuration list for PBXProject "MapKitExample" */ = {
			isa = XCConfigurationList;
			buildConfigurations = (
				BF529FE227C690F700A9116A /* Debug */,
				BF529FE327C690F700A9116A /* Release */,
			);
			defaultConfigurationIsVisible = 0;
			defaultConfigurationName = Release;
		};
		BF529FE427C690F700A9116A /* Build configuration list for PBXNativeTarget "MapKitExample" */ = {
			isa = XCConfigurationList;
			buildConfigurations = (
				BF529FE527C690F700A9116A /* Debug */,
				BF529FE627C690F700A9116A /* Release */,
			);
			defaultConfigurationIsVisible = 0;
			defaultConfigurationName = Release;
		};
/* End XCConfigurationList section */
	};
	rootObject = BF529FC827C690F300A9116A /* Project object */;
}
